
Microsoft Visual Studio Solution File, Format Version 12.00
# Visual Studio Version 17
VisualStudioVersion = 17.4.33103.184
MinimumVisualStudioVersion = 10.0.40219.1
Project("{FAE04EC0-301F-11D3-BF4B-00C04F79EFBC}") = "EFCoreRelationships", "EFCoreRelationships\EFCoreRelationships.csproj", "{62F699D6-C52C-48DF-ABC9-EC3BFDA564DC}"
EndProject
Global
	GlobalSection(SolutionConfigurationPlatforms) = preSolution
		Debug|Any CPU = Debug|Any CPU
		Release|Any CPU = Release|Any CPU
	EndGlobalSection
	GlobalSection(ProjectConfigurationPlatforms) = postSolution
		{62F699D6-C52C-48DF-ABC9-EC3BFDA564DC}.Debug|Any CPU.ActiveCfg = Debug|Any CPU
		{62F699D6-C52C-48DF-ABC9-EC3BFDA564DC}.Debug|Any CPU.Build.0 = Debug|Any CPU
		{62F699D6-C52C-48DF-ABC9-EC3BFDA564DC}.Release|Any CPU.ActiveCfg = Release|Any CPU
		{62F699D6-C52C-48DF-ABC9-EC3BFDA564DC}.Release|Any CPU.Build.0 = Release|Any CPU
	EndGlobalSection
	GlobalSection(SolutionProperties) = preSolution
		HideSolutionNode = FALSE
	EndGlobalSection
	GlobalSection(ExtensibilityGlobals) = postSolution
		SolutionGuid = {E443C58A-A5DE-4E21-8285-E72AEFEC7CBE}
	EndGlobalSection
EndGlobal
